
Microsoft Visual Studio Solution File, Format Version 12.00
# Visual Studio Version 16
VisualStudioVersion = 16.0.30907.101
MinimumVisualStudioVersion = 10.0.40219.1
Project("{FAE04EC0-301F-11D3-BF4B-00C04F79EFBC}") = "getterSetter", "getterSetter\getterSetter.csproj", "{4FA6E76A-4E97-4F93-A279-C1041117A90C}"
EndProject
Project("{FAE04EC0-301F-11D3-BF4B-00C04F79EFBC}") = "fileInfo", "fileInfo\fileInfo.csproj", "{A1EF1FCB-CEE1-4329-A6B9-6A1DCEE32022}"
EndProject
Global
	GlobalSection(SolutionConfigurationPlatforms) = preSolution
		Debug|Any CPU = Debug|Any CPU
		Release|Any CPU = Release|Any CPU
	EndGlobalSection
	GlobalSection(ProjectConfigurationPlatforms) = postSolution
		{4FA6E76A-4E97-4F93-A279-C1041117A90C}.Debug|Any CPU.ActiveCfg = Debug|Any CPU
		{4FA6E76A-4E97-4F93-A279-C1041117A90C}.Debug|Any CPU.Build.0 = Debug|Any CPU
		{4FA6E76A-4E97-4F93-A279-C1041117A90C}.Release|Any CPU.ActiveCfg = Release|Any CPU
		{4FA6E76A-4E97-4F93-A279-C1041117A90C}.Release|Any CPU.Build.0 = Release|Any CPU
		{A1EF1FCB-CEE1-4329-A6B9-6A1DCEE32022}.Debug|Any CPU.ActiveCfg = Debug|Any CPU
		{A1EF1FCB-CEE1-4329-A6B9-6A1DCEE32022}.Debug|Any CPU.Build.0 = Debug|Any CPU
		{A1EF1FCB-CEE1-4329-A6B9-6A1DCEE32022}.Release|Any CPU.ActiveCfg = Release|Any CPU
		{A1EF1FCB-CEE1-4329-A6B9-6A1DCEE32022}.Release|Any CPU.Build.0 = Release|Any CPU
	EndGlobalSection
	GlobalSection(SolutionProperties) = preSolution
		HideSolutionNode = FALSE
	EndGlobalSection
	GlobalSection(ExtensibilityGlobals) = postSolution
		SolutionGuid = {B05334F3-6E4E-419C-88AA-2B4C4F6FD443}
	EndGlobalSection
EndGlobal
