
Microsoft Visual Studio Solution File, Format Version 12.00
# Visual Studio Version 16
VisualStudioVersion = 16.0.30907.101
MinimumVisualStudioVersion = 10.0.40219.1
Project("{9A19103F-16F7-4668-BE54-9A1E7A4F7556}") = "fileInfo", "fileInfo\fileInfo.csproj", "{A1EF1FCB-CEE1-4329-A6B9-6A1DCEE32022}"
EndProject
Project("{FAE04EC0-301F-11D3-BF4B-00C04F79EFBC}") = "getterSetter", "getterSetter\getterSetter.csproj", "{AD1671B7-C173-4608-850F-3D357D3660E3}"
EndProject
Global
	GlobalSection(SolutionConfigurationPlatforms) = preSolution
		Debug|Any CPU = Debug|Any CPU
		Release|Any CPU = Release|Any CPU
	EndGlobalSection
	GlobalSection(ProjectConfigurationPlatforms) = postSolution
		{A1EF1FCB-CEE1-4329-A6B9-6A1DCEE32022}.Debug|Any CPU.ActiveCfg = Debug|Any CPU
		{A1EF1FCB-CEE1-4329-A6B9-6A1DCEE32022}.Debug|Any CPU.Build.0 = Debug|Any CPU
		{A1EF1FCB-CEE1-4329-A6B9-6A1DCEE32022}.Release|Any CPU.ActiveCfg = Release|Any CPU
		{A1EF1FCB-CEE1-4329-A6B9-6A1DCEE32022}.Release|Any CPU.Build.0 = Release|Any CPU
		{AD1671B7-C173-4608-850F-3D357D3660E3}.Debug|Any CPU.ActiveCfg = Debug|Any CPU
		{AD1671B7-C173-4608-850F-3D357D3660E3}.Debug|Any CPU.Build.0 = Debug|Any CPU
		{AD1671B7-C173-4608-850F-3D357D3660E3}.Release|Any CPU.ActiveCfg = Release|Any CPU
		{AD1671B7-C173-4608-850F-3D357D3660E3}.Release|Any CPU.Build.0 = Release|Any CPU
	EndGlobalSection
	GlobalSection(SolutionProperties) = preSolution
		HideSolutionNode = FALSE
	EndGlobalSection
	GlobalSection(ExtensibilityGlobals) = postSolution
		SolutionGuid = {B05334F3-6E4E-419C-88AA-2B4C4F6FD443}
	EndGlobalSection
EndGlobal
